// !$*UTF8*$!
{
	archiveVersion = 1;
	classes = {
	};
	objectVersion = 50;
	objects = {

/* Begin PBXBuildFile section */
		2F69A27C2256A3EE00AB4872 /* AppDelegate.swift in Sources */ = {isa = PBXBuildFile; fileRef = 2F69A27B2256A3EE00AB4872 /* AppDelegate.swift */; };
		2F69A27E2256A3EE00AB4872 /* ViewController.swift in Sources */ = {isa = PBXBuildFile; fileRef = 2F69A27D2256A3EE00AB4872 /* ViewController.swift */; };
		2F69A2812256A3EE00AB4872 /* Main.storyboard in Resources */ = {isa = PBXBuildFile; fileRef = 2F69A27F2256A3EE00AB4872 /* Main.storyboard */; };
		2F69A2832256A3EF00AB4872 /* Assets.xcassets in Resources */ = {isa = PBXBuildFile; fileRef = 2F69A2822256A3EF00AB4872 /* Assets.xcassets */; };
		2F69A2862256A3EF00AB4872 /* LaunchScreen.storyboard in Resources */ = {isa = PBXBuildFile; fileRef = 2F69A2842256A3EF00AB4872 /* LaunchScreen.storyboard */; };
		2F69A29C2256A82100AB4872 /* SecondViewController.swift in Sources */ = {isa = PBXBuildFile; fileRef = 2F69A29B2256A82100AB4872 /* SecondViewController.swift */; };
		2F69A29E2256A98400AB4872 /* TableViewDataSourceDelegate.swift in Sources */ = {isa = PBXBuildFile; fileRef = 2F69A29D2256A98400AB4872 /* TableViewDataSourceDelegate.swift */; };
		2F69A2A12256AE8700AB4872 /* TableViewTest.swift in Sources */ = {isa = PBXBuildFile; fileRef = 2F69A2A02256AE8700AB4872 /* TableViewTest.swift */; };
		2F69A2A32256E58700AB4872 /* TableViewBDDTest.swift in Sources */ = {isa = PBXBuildFile; fileRef = 2F69A2A22256E58700AB4872 /* TableViewBDDTest.swift */; };
		2F69A2A52257EE3500AB4872 /* MockClass.swift in Sources */ = {isa = PBXBuildFile; fileRef = 2F69A2A42257EE3500AB4872 /* MockClass.swift */; };
		3391FCCEBFAFD513A31234A6 /* Pods_UnitTestingTableViewTests.framework in Frameworks */ = {isa = PBXBuildFile; fileRef = 8AEBD06645D4CD142E67DBE7 /* Pods_UnitTestingTableViewTests.framework */; };
		774A660944D59B39DC82FF43 /* Pods_UnitTestingTableView.framework in Frameworks */ = {isa = PBXBuildFile; fileRef = A4703E9E7C9C91F6831E5D46 /* Pods_UnitTestingTableView.framework */; };
/* End PBXBuildFile section */

/* Begin PBXContainerItemProxy section */
		2F69A28D2256A3F000AB4872 /* PBXContainerItemProxy */ = {
			isa = PBXContainerItemProxy;
			containerPortal = 2F69A2702256A3EE00AB4872 /* Project object */;
			proxyType = 1;
			remoteGlobalIDString = 2F69A2772256A3EE00AB4872;
			remoteInfo = UnitTestingTableView;
		};
/* End PBXContainerItemProxy section */

/* Begin PBXFileReference section */
		1EAD3AFD0A27C59C9283B738 /* Pods-UnitTestingTableViewTests.debug.xcconfig */ = {isa = PBXFileReference; includeInIndex = 1; lastKnownFileType = text.xcconfig; name = "Pods-UnitTestingTableViewTests.debug.xcconfig"; path = "Target Support Files/Pods-UnitTestingTableViewTests/Pods-UnitTestingTableViewTests.debug.xcconfig"; sourceTree = "<group>"; };
		2F69A2782256A3EE00AB4872 /* UnitTestingTableView.app */ = {isa = PBXFileReference; explicitFileType = wrapper.application; includeInIndex = 0; path = UnitTestingTableView.app; sourceTree = BUILT_PRODUCTS_DIR; };
		2F69A27B2256A3EE00AB4872 /* AppDelegate.swift */ = {isa = PBXFileReference; lastKnownFileType = sourcecode.swift; path = AppDelegate.swift; sourceTree = "<group>"; };
		2F69A27D2256A3EE00AB4872 /* ViewController.swift */ = {isa = PBXFileReference; lastKnownFileType = sourcecode.swift; path = ViewController.swift; sourceTree = "<group>"; };
		2F69A2802256A3EE00AB4872 /* Base */ = {isa = PBXFileReference; lastKnownFileType = file.storyboard; name = Base; path = Base.lproj/Main.storyboard; sourceTree = "<group>"; };
		2F69A2822256A3EF00AB4872 /* Assets.xcassets */ = {isa = PBXFileReference; lastKnownFileType = folder.assetcatalog; path = Assets.xcassets; sourceTree = "<group>"; };
		2F69A2852256A3EF00AB4872 /* Base */ = {isa = PBXFileReference; lastKnownFileType = file.storyboard; name = Base; path = Base.lproj/LaunchScreen.storyboard; sourceTree = "<group>"; };
		2F69A2872256A3EF00AB4872 /* Info.plist */ = {isa = PBXFileReference; lastKnownFileType = text.plist.xml; path = Info.plist; sourceTree = "<group>"; };
		2F69A28C2256A3F000AB4872 /* UnitTestingTableViewTests.xctest */ = {isa = PBXFileReference; explicitFileType = wrapper.cfbundle; includeInIndex = 0; path = UnitTestingTableViewTests.xctest; sourceTree = BUILT_PRODUCTS_DIR; };
		2F69A2922256A3F000AB4872 /* Info.plist */ = {isa = PBXFileReference; lastKnownFileType = text.plist.xml; path = Info.plist; sourceTree = "<group>"; };
		2F69A29B2256A82100AB4872 /* SecondViewController.swift */ = {isa = PBXFileReference; lastKnownFileType = sourcecode.swift; path = SecondViewController.swift; sourceTree = "<group>"; };
		2F69A29D2256A98400AB4872 /* TableViewDataSourceDelegate.swift */ = {isa = PBXFileReference; lastKnownFileType = sourcecode.swift; path = TableViewDataSourceDelegate.swift; sourceTree = "<group>"; };
		2F69A29F2256AE8600AB4872 /* UnitTestingTableViewTests-Bridging-Header.h */ = {isa = PBXFileReference; lastKnownFileType = sourcecode.c.h; path = "UnitTestingTableViewTests-Bridging-Header.h"; sourceTree = "<group>"; };
		2F69A2A02256AE8700AB4872 /* TableViewTest.swift */ = {isa = PBXFileReference; lastKnownFileType = sourcecode.swift; path = TableViewTest.swift; sourceTree = "<group>"; };
		2F69A2A22256E58700AB4872 /* TableViewBDDTest.swift */ = {isa = PBXFileReference; lastKnownFileType = sourcecode.swift; path = TableViewBDDTest.swift; sourceTree = "<group>"; };
		2F69A2A42257EE3500AB4872 /* MockClass.swift */ = {isa = PBXFileReference; lastKnownFileType = sourcecode.swift; path = MockClass.swift; sourceTree = "<group>"; };
		83D6BD56279D58EA3BDB9357 /* Pods-UnitTestingTableViewTests.release.xcconfig */ = {isa = PBXFileReference; includeInIndex = 1; lastKnownFileType = text.xcconfig; name = "Pods-UnitTestingTableViewTests.release.xcconfig"; path = "Target Support Files/Pods-UnitTestingTableViewTests/Pods-UnitTestingTableViewTests.release.xcconfig"; sourceTree = "<group>"; };
		872DD892F2609DC766D1545D /* Pods-UnitTestingTableView.release.xcconfig */ = {isa = PBXFileReference; includeInIndex = 1; lastKnownFileType = text.xcconfig; name = "Pods-UnitTestingTableView.release.xcconfig"; path = "Target Support Files/Pods-UnitTestingTableView/Pods-UnitTestingTableView.release.xcconfig"; sourceTree = "<group>"; };
		8AEBD06645D4CD142E67DBE7 /* Pods_UnitTestingTableViewTests.framework */ = {isa = PBXFileReference; explicitFileType = wrapper.framework; includeInIndex = 0; path = Pods_UnitTestingTableViewTests.framework; sourceTree = BUILT_PRODUCTS_DIR; };
		917258FDB55788502F9F3E40 /* Pods-UnitTestingTableView.debug.xcconfig */ = {isa = PBXFileReference; includeInIndex = 1; lastKnownFileType = text.xcconfig; name = "Pods-UnitTestingTableView.debug.xcconfig"; path = "Target Support Files/Pods-UnitTestingTableView/Pods-UnitTestingTableView.debug.xcconfig"; sourceTree = "<group>"; };
		A4703E9E7C9C91F6831E5D46 /* Pods_UnitTestingTableView.framework */ = {isa = PBXFileReference; explicitFileType = wrapper.framework; includeInIndex = 0; path = Pods_UnitTestingTableView.framework; sourceTree = BUILT_PRODUCTS_DIR; };
/* End PBXFileReference section */

/* Begin PBXFrameworksBuildPhase section */
		2F69A2752256A3EE00AB4872 /* Frameworks */ = {
			isa = PBXFrameworksBuildPhase;
			buildActionMask = 2147483647;
			files = (
				774A660944D59B39DC82FF43 /* Pods_UnitTestingTableView.framework in Frameworks */,
			);
			runOnlyForDeploymentPostprocessing = 0;
		};
		2F69A2892256A3F000AB4872 /* Frameworks */ = {
			isa = PBXFrameworksBuildPhase;
			buildActionMask = 2147483647;
			files = (
				3391FCCEBFAFD513A31234A6 /* Pods_UnitTestingTableViewTests.framework in Frameworks */,
			);
			runOnlyForDeploymentPostprocessing = 0;
		};
/* End PBXFrameworksBuildPhase section */

/* Begin PBXGroup section */
		2F69A26F2256A3EE00AB4872 = {
			isa = PBXGroup;
			children = (
				2F69A27A2256A3EE00AB4872 /* UnitTestingTableView */,
				2F69A28F2256A3F000AB4872 /* UnitTestingTableViewTests */,
				2F69A2792256A3EE00AB4872 /* Products */,
				A13FA27206F1522AE9EE2E13 /* Pods */,
				AED83338B1CD5FEF228EE39B /* Frameworks */,
			);
			sourceTree = "<group>";
		};
		2F69A2792256A3EE00AB4872 /* Products */ = {
			isa = PBXGroup;
			children = (
				2F69A2782256A3EE00AB4872 /* UnitTestingTableView.app */,
				2F69A28C2256A3F000AB4872 /* UnitTestingTableViewTests.xctest */,
			);
			name = Products;
			sourceTree = "<group>";
		};
		2F69A27A2256A3EE00AB4872 /* UnitTestingTableView */ = {
			isa = PBXGroup;
			children = (
				2F69A27B2256A3EE00AB4872 /* AppDelegate.swift */,
				2F69A27D2256A3EE00AB4872 /* ViewController.swift */,
				2F69A29B2256A82100AB4872 /* SecondViewController.swift */,
				2F69A27F2256A3EE00AB4872 /* Main.storyboard */,
				2F69A2822256A3EF00AB4872 /* Assets.xcassets */,
				2F69A2842256A3EF00AB4872 /* LaunchScreen.storyboard */,
				2F69A2872256A3EF00AB4872 /* Info.plist */,
				2F69A29D2256A98400AB4872 /* TableViewDataSourceDelegate.swift */,
			);
			path = UnitTestingTableView;
			sourceTree = "<group>";
		};
		2F69A28F2256A3F000AB4872 /* UnitTestingTableViewTests */ = {
			isa = PBXGroup;
			children = (
				2F69A2922256A3F000AB4872 /* Info.plist */,
				2F69A2A02256AE8700AB4872 /* TableViewTest.swift */,
				2F69A2A22256E58700AB4872 /* TableViewBDDTest.swift */,
				2F69A29F2256AE8600AB4872 /* UnitTestingTableViewTests-Bridging-Header.h */,
				2F69A2A42257EE3500AB4872 /* MockClass.swift */,
			);
			path = UnitTestingTableViewTests;
			sourceTree = "<group>";
		};
		A13FA27206F1522AE9EE2E13 /* Pods */ = {
			isa = PBXGroup;
			children = (
				917258FDB55788502F9F3E40 /* Pods-UnitTestingTableView.debug.xcconfig */,
				872DD892F2609DC766D1545D /* Pods-UnitTestingTableView.release.xcconfig */,
				1EAD3AFD0A27C59C9283B738 /* Pods-UnitTestingTableViewTests.debug.xcconfig */,
				83D6BD56279D58EA3BDB9357 /* Pods-UnitTestingTableViewTests.release.xcconfig */,
			);
			path = Pods;
			sourceTree = "<group>";
		};
		AED83338B1CD5FEF228EE39B /* Frameworks */ = {
			isa = PBXGroup;
			children = (
				A4703E9E7C9C91F6831E5D46 /* Pods_UnitTestingTableView.framework */,
				8AEBD06645D4CD142E67DBE7 /* Pods_UnitTestingTableViewTests.framework */,
			);
			name = Frameworks;
			sourceTree = "<group>";
		};
/* End PBXGroup section */

/* Begin PBXNativeTarget section */
		2F69A2772256A3EE00AB4872 /* UnitTestingTableView */ = {
			isa = PBXNativeTarget;
			buildConfigurationList = 2F69A2952256A3F000AB4872 /* Build configuration list for PBXNativeTarget "UnitTestingTableView" */;
			buildPhases = (
				D45FCFC29DBD622E75251A02 /* [CP] Check Pods Manifest.lock */,
				2F69A2742256A3EE00AB4872 /* Sources */,
				2F69A2752256A3EE00AB4872 /* Frameworks */,
				2F69A2762256A3EE00AB4872 /* Resources */,
			);
			buildRules = (
			);
			dependencies = (
			);
			name = UnitTestingTableView;
			productName = UnitTestingTableView;
			productReference = 2F69A2782256A3EE00AB4872 /* UnitTestingTableView.app */;
			productType = "com.apple.product-type.application";
		};
		2F69A28B2256A3F000AB4872 /* UnitTestingTableViewTests */ = {
			isa = PBXNativeTarget;
			buildConfigurationList = 2F69A2982256A3F000AB4872 /* Build configuration list for PBXNativeTarget "UnitTestingTableViewTests" */;
			buildPhases = (
				86EDB09ABA2C00E5778A7F1C /* [CP] Check Pods Manifest.lock */,
				2F69A2882256A3F000AB4872 /* Sources */,
				2F69A2892256A3F000AB4872 /* Frameworks */,
				2F69A28A2256A3F000AB4872 /* Resources */,
				3C9611DEAD655555AF0B5EE3 /* [CP] Embed Pods Frameworks */,
			);
			buildRules = (
			);
			dependencies = (
				2F69A28E2256A3F000AB4872 /* PBXTargetDependency */,
			);
			name = UnitTestingTableViewTests;
			productName = UnitTestingTableViewTests;
			productReference = 2F69A28C2256A3F000AB4872 /* UnitTestingTableViewTests.xctest */;
			productType = "com.apple.product-type.bundle.unit-test";
		};
/* End PBXNativeTarget section */

/* Begin PBXProject section */
		2F69A2702256A3EE00AB4872 /* Project object */ = {
			isa = PBXProject;
			attributes = {
				LastSwiftUpdateCheck = 1010;
				LastUpgradeCheck = 1010;
				ORGANIZATIONNAME = scui5;
				TargetAttributes = {
					2F69A2772256A3EE00AB4872 = {
						CreatedOnToolsVersion = 10.1;
					};
					2F69A28B2256A3F000AB4872 = {
						CreatedOnToolsVersion = 10.1;
						LastSwiftMigration = 1010;
						TestTargetID = 2F69A2772256A3EE00AB4872;
					};
				};
			};
			buildConfigurationList = 2F69A2732256A3EE00AB4872 /* Build configuration list for PBXProject "UnitTestingTableView" */;
			compatibilityVersion = "Xcode 9.3";
			developmentRegion = en;
			hasScannedForEncodings = 0;
			knownRegions = (
				en,
				Base,
			);
			mainGroup = 2F69A26F2256A3EE00AB4872;
			productRefGroup = 2F69A2792256A3EE00AB4872 /* Products */;
			projectDirPath = "";
			projectRoot = "";
			targets = (
				2F69A2772256A3EE00AB4872 /* UnitTestingTableView */,
				2F69A28B2256A3F000AB4872 /* UnitTestingTableViewTests */,
			);
		};
/* End PBXProject section */

/* Begin PBXResourcesBuildPhase section */
		2F69A2762256A3EE00AB4872 /* Resources */ = {
			isa = PBXResourcesBuildPhase;
			buildActionMask = 2147483647;
			files = (
				2F69A2862256A3EF00AB4872 /* LaunchScreen.storyboard in Resources */,
				2F69A2832256A3EF00AB4872 /* Assets.xcassets in Resources */,
				2F69A2812256A3EE00AB4872 /* Main.storyboard in Resources */,
			);
			runOnlyForDeploymentPostprocessing = 0;
		};
		2F69A28A2256A3F000AB4872 /* Resources */ = {
			isa = PBXResourcesBuildPhase;
			buildActionMask = 2147483647;
			files = (
			);
			runOnlyForDeploymentPostprocessing = 0;
		};
/* End PBXResourcesBuildPhase section */

/* Begin PBXShellScriptBuildPhase section */
		3C9611DEAD655555AF0B5EE3 /* [CP] Embed Pods Frameworks */ = {
			isa = PBXShellScriptBuildPhase;
			buildActionMask = 2147483647;
			files = (
			);
			inputFileListPaths = (
			);
			inputPaths = (
				"${PODS_ROOT}/Target Support Files/Pods-UnitTestingTableViewTests/Pods-UnitTestingTableViewTests-frameworks.sh",
				"${BUILT_PRODUCTS_DIR}/Nimble/Nimble.framework",
				"${BUILT_PRODUCTS_DIR}/Quick/Quick.framework",
			);
			name = "[CP] Embed Pods Frameworks";
			outputFileListPaths = (
			);
			outputPaths = (
				"${TARGET_BUILD_DIR}/${FRAMEWORKS_FOLDER_PATH}/Nimble.framework",
				"${TARGET_BUILD_DIR}/${FRAMEWORKS_FOLDER_PATH}/Quick.framework",
			);
			runOnlyForDeploymentPostprocessing = 0;
			shellPath = /bin/sh;
			shellScript = "\"${PODS_ROOT}/Target Support Files/Pods-UnitTestingTableViewTests/Pods-UnitTestingTableViewTests-frameworks.sh\"\n";
			showEnvVarsInLog = 0;
		};
		86EDB09ABA2C00E5778A7F1C /* [CP] Check Pods Manifest.lock */ = {
			isa = PBXShellScriptBuildPhase;
			buildActionMask = 2147483647;
			files = (
			);
			inputFileListPaths = (
			);
			inputPaths = (
				"${PODS_PODFILE_DIR_PATH}/Podfile.lock",
				"${PODS_ROOT}/Manifest.lock",
			);
			name = "[CP] Check Pods Manifest.lock";
			outputFileListPaths = (
			);
			outputPaths = (
				"$(DERIVED_FILE_DIR)/Pods-UnitTestingTableViewTests-checkManifestLockResult.txt",
			);
			runOnlyForDeploymentPostprocessing = 0;
			shellPath = /bin/sh;
			shellScript = "diff \"${PODS_PODFILE_DIR_PATH}/Podfile.lock\" \"${PODS_ROOT}/Manifest.lock\" > /dev/null\nif [ $? != 0 ] ; then\n    # print error to STDERR\n    echo \"error: The sandbox is not in sync with the Podfile.lock. Run 'pod install' or update your CocoaPods installation.\" >&2\n    exit 1\nfi\n# This output is used by Xcode 'outputs' to avoid re-running this script phase.\necho \"SUCCESS\" > \"${SCRIPT_OUTPUT_FILE_0}\"\n";
			showEnvVarsInLog = 0;
		};
		D45FCFC29DBD622E75251A02 /* [CP] Check Pods Manifest.lock */ = {
			isa = PBXShellScriptBuildPhase;
			buildActionMask = 2147483647;
			files = (
			);
			inputFileListPaths = (
			);
			inputPaths = (
				"${PODS_PODFILE_DIR_PATH}/Podfile.lock",
				"${PODS_ROOT}/Manifest.lock",
			);
			name = "[CP] Check Pods Manifest.lock";
			outputFileListPaths = (
			);
			outputPaths = (
				"$(DERIVED_FILE_DIR)/Pods-UnitTestingTableView-checkManifestLockResult.txt",
			);
			runOnlyForDeploymentPostprocessing = 0;
			shellPath = /bin/sh;
			shellScript = "diff \"${PODS_PODFILE_DIR_PATH}/Podfile.lock\" \"${PODS_ROOT}/Manifest.lock\" > /dev/null\nif [ $? != 0 ] ; then\n    # print error to STDERR\n    echo \"error: The sandbox is not in sync with the Podfile.lock. Run 'pod install' or update your CocoaPods installation.\" >&2\n    exit 1\nfi\n# This output is used by Xcode 'outputs' to avoid re-running this script phase.\necho \"SUCCESS\" > \"${SCRIPT_OUTPUT_FILE_0}\"\n";
			showEnvVarsInLog = 0;
		};
/* End PBXShellScriptBuildPhase section */

/* Begin PBXSourcesBuildPhase section */
		2F69A2742256A3EE00AB4872 /* Sources */ = {
			isa = PBXSourcesBuildPhase;
			buildActionMask = 2147483647;
			files = (
				2F69A29C2256A82100AB4872 /* SecondViewController.swift in Sources */,
				2F69A27E2256A3EE00AB4872 /* ViewController.swift in Sources */,
				2F69A27C2256A3EE00AB4872 /* AppDelegate.swift in Sources */,
				2F69A29E2256A98400AB4872 /* TableViewDataSourceDelegate.swift in Sources */,
			);
			runOnlyForDeploymentPostprocessing = 0;
		};
		2F69A2882256A3F000AB4872 /* Sources */ = {
			isa = PBXSourcesBuildPhase;
			buildActionMask = 2147483647;
			files = (
				2F69A2A32256E58700AB4872 /* TableViewBDDTest.swift in Sources */,
				2F69A2A52257EE3500AB4872 /* MockClass.swift in Sources */,
				2F69A2A12256AE8700AB4872 /* TableViewTest.swift in Sources */,
			);
			runOnlyForDeploymentPostprocessing = 0;
		};
/* End PBXSourcesBuildPhase section */

/* Begin PBXTargetDependency section */
		2F69A28E2256A3F000AB4872 /* PBXTargetDependency */ = {
			isa = PBXTargetDependency;
			target = 2F69A2772256A3EE00AB4872 /* UnitTestingTableView */;
			targetProxy = 2F69A28D2256A3F000AB4872 /* PBXContainerItemProxy */;
		};
/* End PBXTargetDependency section */

/* Begin PBXVariantGroup section */
		2F69A27F2256A3EE00AB4872 /* Main.storyboard */ = {
			isa = PBXVariantGroup;
			children = (
				2F69A2802256A3EE00AB4872 /* Base */,
			);
			name = Main.storyboard;
			sourceTree = "<group>";
		};
		2F69A2842256A3EF00AB4872 /* LaunchScreen.storyboard */ = {
			isa = PBXVariantGroup;
			children = (
				2F69A2852256A3EF00AB4872 /* Base */,
			);
			name = LaunchScreen.storyboard;
			sourceTree = "<group>";
		};
/* End PBXVariantGroup section */

/* Begin XCBuildConfiguration section */
		2F69A2932256A3F000AB4872 /* Debug */ = {
			isa = XCBuildConfiguration;
			buildSettings = {
				ALWAYS_SEARCH_USER_PATHS = NO;
				CLANG_ANALYZER_NONNULL = YES;
				CLANG_ANALYZER_NUMBER_OBJECT_CONVERSION = YES_AGGRESSIVE;
				CLANG_CXX_LANGUAGE_STANDARD = "gnu++14";
				CLANG_CXX_LIBRARY = "libc++";
				CLANG_ENABLE_MODULES = YES;
				CLANG_ENABLE_OBJC_ARC = YES;
				CLANG_ENABLE_OBJC_WEAK = YES;
				CLANG_WARN_BLOCK_CAPTURE_AUTORELEASING = YES;
				CLANG_WARN_BOOL_CONVERSION = YES;
				CLANG_WARN_COMMA = YES;
				CLANG_WARN_CONSTANT_CONVERSION = YES;
				CLANG_WARN_DEPRECATED_OBJC_IMPLEMENTATIONS = YES;
				CLANG_WARN_DIRECT_OBJC_ISA_USAGE = YES_ERROR;
				CLANG_WARN_DOCUMENTATION_COMMENTS = YES;
				CLANG_WARN_EMPTY_BODY = YES;
				CLANG_WARN_ENUM_CONVERSION = YES;
				CLANG_WARN_INFINITE_RECURSION = YES;
				CLANG_WARN_INT_CONVERSION = YES;
				CLANG_WARN_NON_LITERAL_NULL_CONVERSION = YES;
				CLANG_WARN_OBJC_IMPLICIT_RETAIN_SELF = YES;
				CLANG_WARN_OBJC_LITERAL_CONVERSION = YES;
				CLANG_WARN_OBJC_ROOT_CLASS = YES_ERROR;
				CLANG_WARN_RANGE_LOOP_ANALYSIS = YES;
				CLANG_WARN_STRICT_PROTOTYPES = YES;
				CLANG_WARN_SUSPICIOUS_MOVE = YES;
				CLANG_WARN_UNGUARDED_AVAILABILITY = YES_AGGRESSIVE;
				CLANG_WARN_UNREACHABLE_CODE = YES;
				CLANG_WARN__DUPLICATE_METHOD_MATCH = YES;
				CODE_SIGN_IDENTITY = "iPhone Developer";
				COPY_PHASE_STRIP = NO;
				DEBUG_INFORMATION_FORMAT = dwarf;
				ENABLE_STRICT_OBJC_MSGSEND = YES;
				ENABLE_TESTABILITY = YES;
				GCC_C_LANGUAGE_STANDARD = gnu11;
				GCC_DYNAMIC_NO_PIC = NO;
				GCC_NO_COMMON_BLOCKS = YES;
				GCC_OPTIMIZATION_LEVEL = 0;
				GCC_PREPROCESSOR_DEFINITIONS = (
					"DEBUG=1",
					"$(inherited)",
				);
				GCC_WARN_64_TO_32_BIT_CONVERSION = YES;
				GCC_WARN_ABOUT_RETURN_TYPE = YES_ERROR;
				GCC_WARN_UNDECLARED_SELECTOR = YES;
				GCC_WARN_UNINITIALIZED_AUTOS = YES_AGGRESSIVE;
				GCC_WARN_UNUSED_FUNCTION = YES;
				GCC_WARN_UNUSED_VARIABLE = YES;
				IPHONEOS_DEPLOYMENT_TARGET = 12.1;
				MTL_ENABLE_DEBUG_INFO = INCLUDE_SOURCE;
				MTL_FAST_MATH = YES;
				ONLY_ACTIVE_ARCH = YES;
				SDKROOT = iphoneos;
				SWIFT_ACTIVE_COMPILATION_CONDITIONS = DEBUG;
				SWIFT_OPTIMIZATION_LEVEL = "-Onone";
			};
			name = Debug;
		};
		2F69A2942256A3F000AB4872 /* Release */ = {
			isa = XCBuildConfiguration;
			buildSettings = {
				ALWAYS_SEARCH_USER_PATHS = NO;
				CLANG_ANALYZER_NONNULL = YES;
				CLANG_ANALYZER_NUMBER_OBJECT_CONVERSION = YES_AGGRESSIVE;
				CLANG_CXX_LANGUAGE_STANDARD = "gnu++14";
				CLANG_CXX_LIBRARY = "libc++";
				CLANG_ENABLE_MODULES = YES;
				CLANG_ENABLE_OBJC_ARC = YES;
				CLANG_ENABLE_OBJC_WEAK = YES;
				CLANG_WARN_BLOCK_CAPTURE_AUTORELEASING = YES;
				CLANG_WARN_BOOL_CONVERSION = YES;
				CLANG_WARN_COMMA = YES;
				CLANG_WARN_CONSTANT_CONVERSION = YES;
				CLANG_WARN_DEPRECATED_OBJC_IMPLEMENTATIONS = YES;
				CLANG_WARN_DIRECT_OBJC_ISA_USAGE = YES_ERROR;
				CLANG_WARN_DOCUMENTATION_COMMENTS = YES;
				CLANG_WARN_EMPTY_BODY = YES;
				CLANG_WARN_ENUM_CONVERSION = YES;
				CLANG_WARN_INFINITE_RECURSION = YES;
				CLANG_WARN_INT_CONVERSION = YES;
				CLANG_WARN_NON_LITERAL_NULL_CONVERSION = YES;
				CLANG_WARN_OBJC_IMPLICIT_RETAIN_SELF = YES;
				CLANG_WARN_OBJC_LITERAL_CONVERSION = YES;
				CLANG_WARN_OBJC_ROOT_CLASS = YES_ERROR;
				CLANG_WARN_RANGE_LOOP_ANALYSIS = YES;
				CLANG_WARN_STRICT_PROTOTYPES = YES;
				CLANG_WARN_SUSPICIOUS_MOVE = YES;
				CLANG_WARN_UNGUARDED_AVAILABILITY = YES_AGGRESSIVE;
				CLANG_WARN_UNREACHABLE_CODE = YES;
				CLANG_WARN__DUPLICATE_METHOD_MATCH = YES;
				CODE_SIGN_IDENTITY = "iPhone Developer";
				COPY_PHASE_STRIP = NO;
				DEBUG_INFORMATION_FORMAT = "dwarf-with-dsym";
				ENABLE_NS_ASSERTIONS = NO;
				ENABLE_STRICT_OBJC_MSGSEND = YES;
				GCC_C_LANGUAGE_STANDARD = gnu11;
				GCC_NO_COMMON_BLOCKS = YES;
				GCC_WARN_64_TO_32_BIT_CONVERSION = YES;
				GCC_WARN_ABOUT_RETURN_TYPE = YES_ERROR;
				GCC_WARN_UNDECLARED_SELECTOR = YES;
				GCC_WARN_UNINITIALIZED_AUTOS = YES_AGGRESSIVE;
				GCC_WARN_UNUSED_FUNCTION = YES;
				GCC_WARN_UNUSED_VARIABLE = YES;
				IPHONEOS_DEPLOYMENT_TARGET = 12.1;
				MTL_ENABLE_DEBUG_INFO = NO;
				MTL_FAST_MATH = YES;
				SDKROOT = iphoneos;
				SWIFT_COMPILATION_MODE = wholemodule;
				SWIFT_OPTIMIZATION_LEVEL = "-O";
				VALIDATE_PRODUCT = YES;
			};
			name = Release;
		};
		2F69A2962256A3F000AB4872 /* Debug */ = {
			isa = XCBuildConfiguration;
			baseConfigurationReference = 917258FDB55788502F9F3E40 /* Pods-UnitTestingTableView.debug.xcconfig */;
			buildSettings = {
				ASSETCATALOG_COMPILER_APPICON_NAME = AppIcon;
				CODE_SIGN_STYLE = Automatic;
				DEVELOPMENT_TEAM = DD42ZMY2NH;
				INFOPLIST_FILE = UnitTestingTableView/Info.plist;
				LD_RUNPATH_SEARCH_PATHS = (
					"$(inherited)",
					"@executable_path/Frameworks",
				);
				PRODUCT_BUNDLE_IDENTIFIER = com.scui5.UnitTestingTableView;
				PRODUCT_NAME = "$(TARGET_NAME)";
				SWIFT_VERSION = 4.2;
				TARGETED_DEVICE_FAMILY = "1,2";
			};
			name = Debug;
		};
		2F69A2972256A3F000AB4872 /* Release */ = {
			isa = XCBuildConfiguration;
			baseConfigurationReference = 872DD892F2609DC766D1545D /* Pods-UnitTestingTableView.release.xcconfig */;
			buildSettings = {
				ASSETCATALOG_COMPILER_APPICON_NAME = AppIcon;
				CODE_SIGN_STYLE = Automatic;
				DEVELOPMENT_TEAM = DD42ZMY2NH;
				INFOPLIST_FILE = UnitTestingTableView/Info.plist;
				LD_RUNPATH_SEARCH_PATHS = (
					"$(inherited)",
					"@executable_path/Frameworks",
				);
				PRODUCT_BUNDLE_IDENTIFIER = com.scui5.UnitTestingTableView;
				PRODUCT_NAME = "$(TARGET_NAME)";
				SWIFT_VERSION = 4.2;
				TARGETED_DEVICE_FAMILY = "1,2";
			};
			name = Release;
		};
		2F69A2992256A3F000AB4872 /* Debug */ = {
			isa = XCBuildConfiguration;
			baseConfigurationReference = 1EAD3AFD0A27C59C9283B738 /* Pods-UnitTestingTableViewTests.debug.xcconfig */;
			buildSettings = {
				ALWAYS_EMBED_SWIFT_STANDARD_LIBRARIES = YES;
				BUNDLE_LOADER = "$(TEST_HOST)";
				CLANG_ENABLE_MODULES = YES;
				CODE_SIGN_STYLE = Automatic;
				DEVELOPMENT_TEAM = DD42ZMY2NH;
				INFOPLIST_FILE = UnitTestingTableViewTests/Info.plist;
				LD_RUNPATH_SEARCH_PATHS = (
					"$(inherited)",
					"@executable_path/Frameworks",
					"@loader_path/Frameworks",
				);
				PRODUCT_BUNDLE_IDENTIFIER = com.scui5.UnitTestingTableViewTests;
				PRODUCT_NAME = "$(TARGET_NAME)";
				SWIFT_OBJC_BRIDGING_HEADER = "UnitTestingTableViewTests/UnitTestingTableViewTests-Bridging-Header.h";
				SWIFT_OPTIMIZATION_LEVEL = "-Onone";
				SWIFT_VERSION = 4.2;
				TARGETED_DEVICE_FAMILY = "1,2";
				TEST_HOST = "$(BUILT_PRODUCTS_DIR)/UnitTestingTableView.app/UnitTestingTableView";
			};
			name = Debug;
		};
		2F69A29A2256A3F000AB4872 /* Release */ = {
			isa = XCBuildConfiguration;
			baseConfigurationReference = 83D6BD56279D58EA3BDB9357 /* Pods-UnitTestingTableViewTests.release.xcconfig */;
			buildSettings = {
				ALWAYS_EMBED_SWIFT_STANDARD_LIBRARIES = YES;
				BUNDLE_LOADER = "$(TEST_HOST)";
				CLANG_ENABLE_MODULES = YES;
				CODE_SIGN_STYLE = Automatic;
				DEVELOPMENT_TEAM = DD42ZMY2NH;
				INFOPLIST_FILE = UnitTestingTableViewTests/Info.plist;
				LD_RUNPATH_SEARCH_PATHS = (
					"$(inherited)",
					"@executable_path/Frameworks",
					"@loader_path/Frameworks",
				);
				PRODUCT_BUNDLE_IDENTIFIER = com.scui5.UnitTestingTableViewTests;
				PRODUCT_NAME = "$(TARGET_NAME)";
				SWIFT_OBJC_BRIDGING_HEADER = "UnitTestingTableViewTests/UnitTestingTableViewTests-Bridging-Header.h";
				SWIFT_VERSION = 4.2;
				TARGETED_DEVICE_FAMILY = "1,2";
				TEST_HOST = "$(BUILT_PRODUCTS_DIR)/UnitTestingTableView.app/UnitTestingTableView";
			};
			name = Release;
		};
/* End XCBuildConfiguration section */

/* Begin XCConfigurationList section */
		2F69A2732256A3EE00AB4872 /* Build configuration list for PBXProject "UnitTestingTableView" */ = {
			isa = XCConfigurationList;
			buildConfigurations = (
				2F69A2932256A3F000AB4872 /* Debug */,
				2F69A2942256A3F000AB4872 /* Release */,
			);
			defaultConfigurationIsVisible = 0;
			defaultConfigurationName = Release;
		};
		2F69A2952256A3F000AB4872 /* Build configuration list for PBXNativeTarget "UnitTestingTableView" */ = {
			isa = XCConfigurationList;
			buildConfigurations = (
				2F69A2962256A3F000AB4872 /* Debug */,
				2F69A2972256A3F000AB4872 /* Release */,
			);
			defaultConfigurationIsVisible = 0;
			defaultConfigurationName = Release;
		};
		2F69A2982256A3F000AB4872 /* Build configuration list for PBXNativeTarget "UnitTestingTableViewTests" */ = {
			isa = XCConfigurationList;
			buildConfigurations = (
				2F69A2992256A3F000AB4872 /* Debug */,
				2F69A29A2256A3F000AB4872 /* Release */,
			);
			defaultConfigurationIsVisible = 0;
			defaultConfigurationName = Release;
		};
/* End XCConfigurationList section */
	};
	rootObject = 2F69A2702256A3EE00AB4872 /* Project object */;
}
